
Microsoft Visual Studio Solution File, Format Version 12.00
# Visual Studio Version 17
VisualStudioVersion = 17.0.31903.59
MinimumVisualStudioVersion = 10.0.40219.1
Project("{2150E333-8FDC-42A3-9474-1A3956D46DE8}") = "src", "src", "{31A3EC0D-E571-4AC7-8AB0-BF077EA696FC}"
EndProject
Project("{FAE04EC0-301F-11D3-BF4B-00C04F79EFBC}") = "PathEcho.Core", "src\PathEcho.Core\PathEcho.Core.csproj", "{135A28A1-0F7E-4021-8055-4E02A4BD3585}"
EndProject
Project("{FAE04EC0-301F-11D3-BF4B-00C04F79EFBC}") = "PathEcho", "src\PathEcho\PathEcho.csproj", "{282F646A-E89F-4D53-AF2D-E87538E87B2D}"
EndProject
Project("{FAE04EC0-301F-11D3-BF4B-00C04F79EFBC}") = "PathEcho.Updater", "src\PathEcho.Updater\PathEcho.Updater.csproj", "{4F10ACBB-9600-4516-98D9-E9ED779A0534}"
EndProject
Project("{2150E333-8FDC-42A3-9474-1A3956D46DE8}") = "tests", "tests", "{C9BBCC67-2B13-47CA-9D8F-81985C2D68E5}"
EndProject
Project("{FAE04EC0-301F-11D3-BF4B-00C04F79EFBC}") = "PathEcho.SmokeTests", "tests\PathEcho.SmokeTests\PathEcho.SmokeTests.csproj", "{11F94296-9C90-401A-BC6E-B8FF86D0F4B7}"
EndProject
Project("{FAE04EC0-301F-11D3-BF4B-00C04F79EFBC}") = "PathEcho.Platform.Windows", "src\PathEcho.Platform.Windows\PathEcho.Platform.Windows.csproj", "{8F6E439D-3DE4-428E-8E7A-711ACAC3BC7C}"
EndProject
Global
	GlobalSection(SolutionConfigurationPlatforms) = preSolution
		Debug|Any CPU = Debug|Any CPU
		Release|Any CPU = Release|Any CPU
	EndGlobalSection
	GlobalSection(SolutionProperties) = preSolution
		HideSolutionNode = FALSE
	EndGlobalSection
	GlobalSection(ProjectConfigurationPlatforms) = postSolution
		{135A28A1-0F7E-4021-8055-4E02A4BD3585}.Debug|Any CPU.ActiveCfg = Debug|Any CPU
		{135A28A1-0F7E-4021-8055-4E02A4BD3585}.Debug|Any CPU.Build.0 = Debug|Any CPU
		{135A28A1-0F7E-4021-8055-4E02A4BD3585}.Release|Any CPU.ActiveCfg = Release|Any CPU
		{135A28A1-0F7E-4021-8055-4E02A4BD3585}.Release|Any CPU.Build.0 = Release|Any CPU
		{282F646A-E89F-4D53-AF2D-E87538E87B2D}.Debug|Any CPU.ActiveCfg = Debug|Any CPU
		{282F646A-E89F-4D53-AF2D-E87538E87B2D}.Debug|Any CPU.Build.0 = Debug|Any CPU
		{282F646A-E89F-4D53-AF2D-E87538E87B2D}.Release|Any CPU.ActiveCfg = Release|Any CPU
		{282F646A-E89F-4D53-AF2D-E87538E87B2D}.Release|Any CPU.Build.0 = Release|Any CPU
		{4F10ACBB-9600-4516-98D9-E9ED779A0534}.Debug|Any CPU.ActiveCfg = Debug|Any CPU
		{4F10ACBB-9600-4516-98D9-E9ED779A0534}.Debug|Any CPU.Build.0 = Debug|Any CPU
		{4F10ACBB-9600-4516-98D9-E9ED779A0534}.Release|Any CPU.ActiveCfg = Release|Any CPU
		{4F10ACBB-9600-4516-98D9-E9ED779A0534}.Release|Any CPU.Build.0 = Release|Any CPU
		{11F94296-9C90-401A-BC6E-B8FF86D0F4B7}.Debug|Any CPU.ActiveCfg = Debug|Any CPU
		{11F94296-9C90-401A-BC6E-B8FF86D0F4B7}.Debug|Any CPU.Build.0 = Debug|Any CPU
		{11F94296-9C90-401A-BC6E-B8FF86D0F4B7}.Release|Any CPU.ActiveCfg = Release|Any CPU
		{11F94296-9C90-401A-BC6E-B8FF86D0F4B7}.Release|Any CPU.Build.0 = Release|Any CPU
		{8F6E439D-3DE4-428E-8E7A-711ACAC3BC7C}.Debug|Any CPU.ActiveCfg = Debug|Any CPU
		{8F6E439D-3DE4-428E-8E7A-711ACAC3BC7C}.Debug|Any CPU.Build.0 = Debug|Any CPU
		{8F6E439D-3DE4-428E-8E7A-711ACAC3BC7C}.Release|Any CPU.ActiveCfg = Release|Any CPU
		{8F6E439D-3DE4-428E-8E7A-711ACAC3BC7C}.Release|Any CPU.Build.0 = Release|Any CPU
	EndGlobalSection
	GlobalSection(NestedProjects) = preSolution
		{135A28A1-0F7E-4021-8055-4E02A4BD3585} = {31A3EC0D-E571-4AC7-8AB0-BF077EA696FC}
		{282F646A-E89F-4D53-AF2D-E87538E87B2D} = {31A3EC0D-E571-4AC7-8AB0-BF077EA696FC}
		{4F10ACBB-9600-4516-98D9-E9ED779A0534} = {31A3EC0D-E571-4AC7-8AB0-BF077EA696FC}
		{11F94296-9C90-401A-BC6E-B8FF86D0F4B7} = {C9BBCC67-2B13-47CA-9D8F-81985C2D68E5}
		{8F6E439D-3DE4-428E-8E7A-711ACAC3BC7C} = {31A3EC0D-E571-4AC7-8AB0-BF077EA696FC}
	EndGlobalSection
EndGlobal
